// !$*UTF8*$!
{
	archiveVersion = 1;
	classes = {
	};
	objectVersion = 46;
	objects = {

/* Begin PBXBuildFile section */
		982D5393156AAD7000D643D3 /* libFMDB.a in Frameworks */ = {isa = PBXBuildFile; fileRef = 982D5392156AAD7000D643D3 /* libFMDB.a */; };
		983C68E6156AB6D3005F2194 /* DVCardManager.m in Sources */ = {isa = PBXBuildFile; fileRef = 983C68E5156AB6D3005F2194 /* DVCardManager.m */; };
		98A8E49D157573AA003FCCBA /* DVCategoryListViewController.m in Sources */ = {isa = PBXBuildFile; fileRef = 98A8E49B157573AA003FCCBA /* DVCategoryListViewController.m */; };
		98A8E49E157573AA003FCCBA /* DVCategoryListViewController.xib in Resources */ = {isa = PBXBuildFile; fileRef = 98A8E49C157573AA003FCCBA /* DVCategoryListViewController.xib */; };
		98A8E4A315757433003FCCBA /* DVCardsViewController.m in Sources */ = {isa = PBXBuildFile; fileRef = 98A8E4A115757433003FCCBA /* DVCardsViewController.m */; };
		98A8E4A415757433003FCCBA /* DVCardsViewController.xib in Resources */ = {isa = PBXBuildFile; fileRef = 98A8E4A215757433003FCCBA /* DVCardsViewController.xib */; };
		98A8E4A8157589FA003FCCBA /* UIImage+Loader.m in Sources */ = {isa = PBXBuildFile; fileRef = 98A8E4A7157589FA003FCCBA /* UIImage+Loader.m */; };
		FA7D48441568C2DA00B00ECC /* DVCard.m in Sources */ = {isa = PBXBuildFile; fileRef = FA7D48431568C2DA00B00ECC /* DVCard.m */; };
		FA96920E155F3FDE001A0085 /* DVCategory.m in Sources */ = {isa = PBXBuildFile; fileRef = FA96920D155F3FDE001A0085 /* DVCategory.m */; };
		FA969213155F46D8001A0085 /* DVCategoryManager.m in Sources */ = {isa = PBXBuildFile; fileRef = FA969212155F46D8001A0085 /* DVCategoryManager.m */; };
		FA969217155F8212001A0085 /* saveit.db in Resources */ = {isa = PBXBuildFile; fileRef = FA969216155F8212001A0085 /* saveit.db */; };
		FA96921C155F8453001A0085 /* DVHelper.m in Sources */ = {isa = PBXBuildFile; fileRef = FA96921B155F8453001A0085 /* DVHelper.m */; };
		FA96921E155F959F001A0085 /* libsqlite3.0.dylib in Frameworks */ = {isa = PBXBuildFile; fileRef = FA96921D155F959F001A0085 /* libsqlite3.0.dylib */; };
		FAA1AE4115769F71006CB1C2 /* icons in Resources */ = {isa = PBXBuildFile; fileRef = FAA1AE4015769F71006CB1C2 /* icons */; };
		FAA1AE451576A245006CB1C2 /* no_cat_image.png in Resources */ = {isa = PBXBuildFile; fileRef = FAA1AE441576A245006CB1C2 /* no_cat_image.png */; };
		FAA1AE5E1576A504006CB1C2 /* DTGridView.m in Sources */ = {isa = PBXBuildFile; fileRef = FAA1AE581576A504006CB1C2 /* DTGridView.m */; settings = {COMPILER_FLAGS = "-fno-objc-arc"; }; };
		FAA1AE5F1576A504006CB1C2 /* DTGridViewCell.m in Sources */ = {isa = PBXBuildFile; fileRef = FAA1AE5A1576A504006CB1C2 /* DTGridViewCell.m */; settings = {COMPILER_FLAGS = "-fno-objc-arc"; }; };
		FAA1AE621576B27A006CB1C2 /* QuartzCore.framework in Frameworks */ = {isa = PBXBuildFile; fileRef = FAA1AE611576B27A006CB1C2 /* QuartzCore.framework */; };
		FAB085DA1564D2C800A4A419 /* DVUtilities.m in Sources */ = {isa = PBXBuildFile; fileRef = FAB085D91564D2C800A4A419 /* DVUtilities.m */; };
		FACBBE69155E381600FF4CC5 /* UIKit.framework in Frameworks */ = {isa = PBXBuildFile; fileRef = FACBBE68155E381600FF4CC5 /* UIKit.framework */; };
		FACBBE6B155E381600FF4CC5 /* Foundation.framework in Frameworks */ = {isa = PBXBuildFile; fileRef = FACBBE6A155E381600FF4CC5 /* Foundation.framework */; };
		FACBBE6D155E381600FF4CC5 /* CoreGraphics.framework in Frameworks */ = {isa = PBXBuildFile; fileRef = FACBBE6C155E381600FF4CC5 /* CoreGraphics.framework */; };
		FACBBE73155E381600FF4CC5 /* InfoPlist.strings in Resources */ = {isa = PBXBuildFile; fileRef = FACBBE71155E381600FF4CC5 /* InfoPlist.strings */; };
		FACBBE75155E381600FF4CC5 /* main.m in Sources */ = {isa = PBXBuildFile; fileRef = FACBBE74155E381600FF4CC5 /* main.m */; };
		FACBBE79155E381600FF4CC5 /* DVAppDelegate.m in Sources */ = {isa = PBXBuildFile; fileRef = FACBBE78155E381600FF4CC5 /* DVAppDelegate.m */; };
		FACBBE7C155E381600FF4CC5 /* DVViewController.m in Sources */ = {isa = PBXBuildFile; fileRef = FACBBE7B155E381600FF4CC5 /* DVViewController.m */; };
		FACBBE7F155E381600FF4CC5 /* DVViewController.xib in Resources */ = {isa = PBXBuildFile; fileRef = FACBBE7D155E381600FF4CC5 /* DVViewController.xib */; };
/* End PBXBuildFile section */

/* Begin PBXFileReference section */
		982D5392156AAD7000D643D3 /* libFMDB.a */ = {isa = PBXFileReference; lastKnownFileType = archive.ar; name = libFMDB.a; path = "../ccgus-fmdb-46614e2/build/Release-iphoneos/libFMDB.a"; sourceTree = "<group>"; };
		983C68E4156AB6D3005F2194 /* DVCardManager.h */ = {isa = PBXFileReference; fileEncoding = 4; lastKnownFileType = sourcecode.c.h; path = DVCardManager.h; sourceTree = "<group>"; };
		983C68E5156AB6D3005F2194 /* DVCardManager.m */ = {isa = PBXFileReference; fileEncoding = 4; lastKnownFileType = sourcecode.c.objc; path = DVCardManager.m; sourceTree = "<group>"; };
		98A8E49A157573AA003FCCBA /* DVCategoryListViewController.h */ = {isa = PBXFileReference; fileEncoding = 4; lastKnownFileType = sourcecode.c.h; path = DVCategoryListViewController.h; sourceTree = "<group>"; };
		98A8E49B157573AA003FCCBA /* DVCategoryListViewController.m */ = {isa = PBXFileReference; fileEncoding = 4; lastKnownFileType = sourcecode.c.objc; path = DVCategoryListViewController.m; sourceTree = "<group>"; };
		98A8E49C157573AA003FCCBA /* DVCategoryListViewController.xib */ = {isa = PBXFileReference; fileEncoding = 4; lastKnownFileType = file.xib; path = DVCategoryListViewController.xib; sourceTree = "<group>"; };
		98A8E4A015757433003FCCBA /* DVCardsViewController.h */ = {isa = PBXFileReference; fileEncoding = 4; lastKnownFileType = sourcecode.c.h; path = DVCardsViewController.h; sourceTree = "<group>"; };
		98A8E4A115757433003FCCBA /* DVCardsViewController.m */ = {isa = PBXFileReference; fileEncoding = 4; lastKnownFileType = sourcecode.c.objc; path = DVCardsViewController.m; sourceTree = "<group>"; };
		98A8E4A215757433003FCCBA /* DVCardsViewController.xib */ = {isa = PBXFileReference; fileEncoding = 4; lastKnownFileType = file.xib; path = DVCardsViewController.xib; sourceTree = "<group>"; };
		98A8E4A6157589FA003FCCBA /* UIImage+Loader.h */ = {isa = PBXFileReference; fileEncoding = 4; lastKnownFileType = sourcecode.c.h; path = "UIImage+Loader.h"; sourceTree = "<group>"; };
		98A8E4A7157589FA003FCCBA /* UIImage+Loader.m */ = {isa = PBXFileReference; fileEncoding = 4; lastKnownFileType = sourcecode.c.objc; path = "UIImage+Loader.m"; sourceTree = "<group>"; };
		FA7D48421568C2DA00B00ECC /* DVCard.h */ = {isa = PBXFileReference; fileEncoding = 4; lastKnownFileType = sourcecode.c.h; path = DVCard.h; sourceTree = "<group>"; };
		FA7D48431568C2DA00B00ECC /* DVCard.m */ = {isa = PBXFileReference; fileEncoding = 4; lastKnownFileType = sourcecode.c.objc; path = DVCard.m; sourceTree = "<group>"; };
		FA96920C155F3FDE001A0085 /* DVCategory.h */ = {isa = PBXFileReference; fileEncoding = 4; lastKnownFileType = sourcecode.c.h; path = DVCategory.h; sourceTree = "<group>"; };
		FA96920D155F3FDE001A0085 /* DVCategory.m */ = {isa = PBXFileReference; fileEncoding = 4; lastKnownFileType = sourcecode.c.objc; path = DVCategory.m; sourceTree = "<group>"; };
		FA969211155F46D8001A0085 /* DVCategoryManager.h */ = {isa = PBXFileReference; fileEncoding = 4; lastKnownFileType = sourcecode.c.h; path = DVCategoryManager.h; sourceTree = "<group>"; };
		FA969212155F46D8001A0085 /* DVCategoryManager.m */ = {isa = PBXFileReference; fileEncoding = 4; lastKnownFileType = sourcecode.c.objc; path = DVCategoryManager.m; sourceTree = "<group>"; };
		FA969216155F8212001A0085 /* saveit.db */ = {isa = PBXFileReference; lastKnownFileType = file; path = saveit.db; sourceTree = "<group>"; };
		FA96921A155F8453001A0085 /* DVHelper.h */ = {isa = PBXFileReference; fileEncoding = 4; lastKnownFileType = sourcecode.c.h; path = DVHelper.h; sourceTree = "<group>"; };
		FA96921B155F8453001A0085 /* DVHelper.m */ = {isa = PBXFileReference; fileEncoding = 4; lastKnownFileType = sourcecode.c.objc; path = DVHelper.m; sourceTree = "<group>"; };
		FA96921D155F959F001A0085 /* libsqlite3.0.dylib */ = {isa = PBXFileReference; lastKnownFileType = "compiled.mach-o.dylib"; name = libsqlite3.0.dylib; path = usr/lib/libsqlite3.0.dylib; sourceTree = SDKROOT; };
		FAA1AE4015769F71006CB1C2 /* icons */ = {isa = PBXFileReference; lastKnownFileType = folder; path = icons; sourceTree = "<group>"; };
		FAA1AE441576A245006CB1C2 /* no_cat_image.png */ = {isa = PBXFileReference; lastKnownFileType = image.png; path = no_cat_image.png; sourceTree = "<group>"; };
		FAA1AE571576A504006CB1C2 /* DTGridView.h */ = {isa = PBXFileReference; fileEncoding = 4; lastKnownFileType = sourcecode.c.h; path = DTGridView.h; sourceTree = "<group>"; };
		FAA1AE581576A504006CB1C2 /* DTGridView.m */ = {isa = PBXFileReference; fileEncoding = 4; lastKnownFileType = sourcecode.c.objc; path = DTGridView.m; sourceTree = "<group>"; };
		FAA1AE591576A504006CB1C2 /* DTGridViewCell.h */ = {isa = PBXFileReference; fileEncoding = 4; lastKnownFileType = sourcecode.c.h; path = DTGridViewCell.h; sourceTree = "<group>"; };
		FAA1AE5A1576A504006CB1C2 /* DTGridViewCell.m */ = {isa = PBXFileReference; fileEncoding = 4; lastKnownFileType = sourcecode.c.objc; path = DTGridViewCell.m; sourceTree = "<group>"; };
		FAA1AE5B1576A504006CB1C2 /* DTGridViewCellInfoProtocol.h */ = {isa = PBXFileReference; fileEncoding = 4; lastKnownFileType = sourcecode.c.h; path = DTGridViewCellInfoProtocol.h; sourceTree = "<group>"; };
		FAA1AE611576B27A006CB1C2 /* QuartzCore.framework */ = {isa = PBXFileReference; lastKnownFileType = wrapper.framework; name = QuartzCore.framework; path = System/Library/Frameworks/QuartzCore.framework; sourceTree = SDKROOT; };
		FAB085D81564D2C800A4A419 /* DVUtilities.h */ = {isa = PBXFileReference; fileEncoding = 4; lastKnownFileType = sourcecode.c.h; path = DVUtilities.h; sourceTree = "<group>"; };
		FAB085D91564D2C800A4A419 /* DVUtilities.m */ = {isa = PBXFileReference; fileEncoding = 4; lastKnownFileType = sourcecode.c.objc; path = DVUtilities.m; sourceTree = "<group>"; };
		FACBBE64155E381500FF4CC5 /* SaveIt.app */ = {isa = PBXFileReference; explicitFileType = wrapper.application; includeInIndex = 0; path = SaveIt.app; sourceTree = BUILT_PRODUCTS_DIR; };
		FACBBE68155E381600FF4CC5 /* UIKit.framework */ = {isa = PBXFileReference; lastKnownFileType = wrapper.framework; name = UIKit.framework; path = System/Library/Frameworks/UIKit.framework; sourceTree = SDKROOT; };
		FACBBE6A155E381600FF4CC5 /* Foundation.framework */ = {isa = PBXFileReference; lastKnownFileType = wrapper.framework; name = Foundation.framework; path = System/Library/Frameworks/Foundation.framework; sourceTree = SDKROOT; };
		FACBBE6C155E381600FF4CC5 /* CoreGraphics.framework */ = {isa = PBXFileReference; lastKnownFileType = wrapper.framework; name = CoreGraphics.framework; path = System/Library/Frameworks/CoreGraphics.framework; sourceTree = SDKROOT; };
		FACBBE70155E381600FF4CC5 /* SaveIt-Info.plist */ = {isa = PBXFileReference; lastKnownFileType = text.plist.xml; path = "SaveIt-Info.plist"; sourceTree = "<group>"; };
		FACBBE72155E381600FF4CC5 /* en */ = {isa = PBXFileReference; lastKnownFileType = text.plist.strings; name = en; path = en.lproj/InfoPlist.strings; sourceTree = "<group>"; };
		FACBBE74155E381600FF4CC5 /* main.m */ = {isa = PBXFileReference; lastKnownFileType = sourcecode.c.objc; path = main.m; sourceTree = "<group>"; };
		FACBBE76155E381600FF4CC5 /* SaveIt-Prefix.pch */ = {isa = PBXFileReference; lastKnownFileType = sourcecode.c.h; path = "SaveIt-Prefix.pch"; sourceTree = "<group>"; };
		FACBBE77155E381600FF4CC5 /* DVAppDelegate.h */ = {isa = PBXFileReference; lastKnownFileType = sourcecode.c.h; path = DVAppDelegate.h; sourceTree = "<group>"; };
		FACBBE78155E381600FF4CC5 /* DVAppDelegate.m */ = {isa = PBXFileReference; lastKnownFileType = sourcecode.c.objc; path = DVAppDelegate.m; sourceTree = "<group>"; };
		FACBBE7A155E381600FF4CC5 /* DVViewController.h */ = {isa = PBXFileReference; lastKnownFileType = sourcecode.c.h; path = DVViewController.h; sourceTree = "<group>"; };
		FACBBE7B155E381600FF4CC5 /* DVViewController.m */ = {isa = PBXFileReference; lastKnownFileType = sourcecode.c.objc; path = DVViewController.m; sourceTree = "<group>"; };
		FACBBE7E155E381600FF4CC5 /* en */ = {isa = PBXFileReference; lastKnownFileType = file.xib; name = en; path = en.lproj/DVViewController.xib; sourceTree = "<group>"; };
/* End PBXFileReference section */

/* Begin PBXFrameworksBuildPhase section */
		FACBBE61155E381500FF4CC5 /* Frameworks */ = {
			isa = PBXFrameworksBuildPhase;
			buildActionMask = 2147483647;
			files = (
				FAA1AE621576B27A006CB1C2 /* QuartzCore.framework in Frameworks */,
				982D5393156AAD7000D643D3 /* libFMDB.a in Frameworks */,
				FA96921E155F959F001A0085 /* libsqlite3.0.dylib in Frameworks */,
				FACBBE69155E381600FF4CC5 /* UIKit.framework in Frameworks */,
				FACBBE6B155E381600FF4CC5 /* Foundation.framework in Frameworks */,
				FACBBE6D155E381600FF4CC5 /* CoreGraphics.framework in Frameworks */,
			);
			runOnlyForDeploymentPostprocessing = 0;
		};
/* End PBXFrameworksBuildPhase section */

/* Begin PBXGroup section */
		98A8E49215756FE5003FCCBA /* Controllers */ = {
			isa = PBXGroup;
			children = (
				98A8E49F157573BE003FCCBA /* Cards */,
				98A8E499157573AA003FCCBA /* Category */,
			);
			path = Controllers;
			sourceTree = "<group>";
		};
		98A8E499157573AA003FCCBA /* Category */ = {
			isa = PBXGroup;
			children = (
				98A8E49A157573AA003FCCBA /* DVCategoryListViewController.h */,
				98A8E49B157573AA003FCCBA /* DVCategoryListViewController.m */,
				98A8E49C157573AA003FCCBA /* DVCategoryListViewController.xib */,
			);
			path = Category;
			sourceTree = "<group>";
		};
		98A8E49F157573BE003FCCBA /* Cards */ = {
			isa = PBXGroup;
			children = (
				98A8E4A015757433003FCCBA /* DVCardsViewController.h */,
				98A8E4A115757433003FCCBA /* DVCardsViewController.m */,
				98A8E4A215757433003FCCBA /* DVCardsViewController.xib */,
			);
			path = Cards;
			sourceTree = "<group>";
		};
		98A8E4A5157589CE003FCCBA /* Helper */ = {
			isa = PBXGroup;
			children = (
			);
			path = Helper;
			sourceTree = "<group>";
		};
		FA969210155F46C6001A0085 /* Managers */ = {
			isa = PBXGroup;
			children = (
				FA969211155F46D8001A0085 /* DVCategoryManager.h */,
				FA969212155F46D8001A0085 /* DVCategoryManager.m */,
				FA96921A155F8453001A0085 /* DVHelper.h */,
				FA96921B155F8453001A0085 /* DVHelper.m */,
				983C68E4156AB6D3005F2194 /* DVCardManager.h */,
				983C68E5156AB6D3005F2194 /* DVCardManager.m */,
			);
			path = Managers;
			sourceTree = "<group>";
		};
		FA969214155F8212001A0085 /* Resources */ = {
			isa = PBXGroup;
			children = (
				FAA1AE431576A226006CB1C2 /* image */,
				FAA1AE4015769F71006CB1C2 /* icons */,
				FA969215155F8212001A0085 /* Database */,
			);
			name = Resources;
			path = SaveIt/Resources;
			sourceTree = "<group>";
		};
		FA969215155F8212001A0085 /* Database */ = {
			isa = PBXGroup;
			children = (
				FA969216155F8212001A0085 /* saveit.db */,
			);
			path = Database;
			sourceTree = "<group>";
		};
		FAA1AE431576A226006CB1C2 /* image */ = {
			isa = PBXGroup;
			children = (
				FAA1AE441576A245006CB1C2 /* no_cat_image.png */,
			);
			path = image;
			sourceTree = "<group>";
		};
		FAA1AE551576A504006CB1C2 /* Custom Views */ = {
			isa = PBXGroup;
			children = (
				FAA1AE561576A504006CB1C2 /* DTGridView */,
			);
			path = "Custom Views";
			sourceTree = "<group>";
		};
		FAA1AE561576A504006CB1C2 /* DTGridView */ = {
			isa = PBXGroup;
			children = (
				FAA1AE571576A504006CB1C2 /* DTGridView.h */,
				FAA1AE581576A504006CB1C2 /* DTGridView.m */,
				FAA1AE591576A504006CB1C2 /* DTGridViewCell.h */,
				FAA1AE5A1576A504006CB1C2 /* DTGridViewCell.m */,
				FAA1AE5B1576A504006CB1C2 /* DTGridViewCellInfoProtocol.h */,
			);
			path = DTGridView;
			sourceTree = "<group>";
		};
		FAB085D61564D2BA00A4A419 /* Utilities */ = {
			isa = PBXGroup;
			children = (
				FAB085D81564D2C800A4A419 /* DVUtilities.h */,
				FAB085D91564D2C800A4A419 /* DVUtilities.m */,
				98A8E4A6157589FA003FCCBA /* UIImage+Loader.h */,
				98A8E4A7157589FA003FCCBA /* UIImage+Loader.m */,
			);
			path = Utilities;
			sourceTree = "<group>";
		};
		FACBBE59155E381500FF4CC5 = {
			isa = PBXGroup;
			children = (
				FAA1AE611576B27A006CB1C2 /* QuartzCore.framework */,
				982D5392156AAD7000D643D3 /* libFMDB.a */,
				FA96921D155F959F001A0085 /* libsqlite3.0.dylib */,
				FA969214155F8212001A0085 /* Resources */,
				FACBBE6E155E381600FF4CC5 /* SaveIt */,
				FACBBE67155E381500FF4CC5 /* Frameworks */,
				FACBBE65155E381500FF4CC5 /* Products */,
			);
			sourceTree = "<group>";
		};
		FACBBE65155E381500FF4CC5 /* Products */ = {
			isa = PBXGroup;
			children = (
				FACBBE64155E381500FF4CC5 /* SaveIt.app */,
			);
			name = Products;
			sourceTree = "<group>";
		};
		FACBBE67155E381500FF4CC5 /* Frameworks */ = {
			isa = PBXGroup;
			children = (
				FACBBE68155E381600FF4CC5 /* UIKit.framework */,
				FACBBE6A155E381600FF4CC5 /* Foundation.framework */,
				FACBBE6C155E381600FF4CC5 /* CoreGraphics.framework */,
			);
			name = Frameworks;
			sourceTree = "<group>";
		};
		FACBBE6E155E381600FF4CC5 /* SaveIt */ = {
			isa = PBXGroup;
			children = (
				FAA1AE551576A504006CB1C2 /* Custom Views */,
				98A8E4A5157589CE003FCCBA /* Helper */,
				98A8E49215756FE5003FCCBA /* Controllers */,
				FAB085D61564D2BA00A4A419 /* Utilities */,
				FACBBE85155E3ACF00FF4CC5 /* Model */,
				FACBBE77155E381600FF4CC5 /* DVAppDelegate.h */,
				FACBBE78155E381600FF4CC5 /* DVAppDelegate.m */,
				FACBBE7A155E381600FF4CC5 /* DVViewController.h */,
				FACBBE7B155E381600FF4CC5 /* DVViewController.m */,
				FACBBE7D155E381600FF4CC5 /* DVViewController.xib */,
				FACBBE6F155E381600FF4CC5 /* Supporting Files */,
			);
			path = SaveIt;
			sourceTree = "<group>";
		};
		FACBBE6F155E381600FF4CC5 /* Supporting Files */ = {
			isa = PBXGroup;
			children = (
				FACBBE70155E381600FF4CC5 /* SaveIt-Info.plist */,
				FACBBE71155E381600FF4CC5 /* InfoPlist.strings */,
				FACBBE74155E381600FF4CC5 /* main.m */,
				FACBBE76155E381600FF4CC5 /* SaveIt-Prefix.pch */,
			);
			name = "Supporting Files";
			sourceTree = "<group>";
		};
		FACBBE85155E3ACF00FF4CC5 /* Model */ = {
			isa = PBXGroup;
			children = (
				FA969210155F46C6001A0085 /* Managers */,
				FA96920C155F3FDE001A0085 /* DVCategory.h */,
				FA96920D155F3FDE001A0085 /* DVCategory.m */,
				FA7D48421568C2DA00B00ECC /* DVCard.h */,
				FA7D48431568C2DA00B00ECC /* DVCard.m */,
			);
			path = Model;
			sourceTree = "<group>";
		};
/* End PBXGroup section */

/* Begin PBXNativeTarget section */
		FACBBE63155E381500FF4CC5 /* SaveIt */ = {
			isa = PBXNativeTarget;
			buildConfigurationList = FACBBE82155E381600FF4CC5 /* Build configuration list for PBXNativeTarget "SaveIt" */;
			buildPhases = (
				FACBBE60155E381500FF4CC5 /* Sources */,
				FACBBE61155E381500FF4CC5 /* Frameworks */,
				FACBBE62155E381500FF4CC5 /* Resources */,
			);
			buildRules = (
			);
			dependencies = (
			);
			name = SaveIt;
			productName = SaveIt;
			productReference = FACBBE64155E381500FF4CC5 /* SaveIt.app */;
			productType = "com.apple.product-type.application";
		};
/* End PBXNativeTarget section */

/* Begin PBXProject section */
		FACBBE5B155E381500FF4CC5 /* Project object */ = {
			isa = PBXProject;
			attributes = {
				CLASSPREFIX = DV;
				LastUpgradeCheck = 0430;
			};
			buildConfigurationList = FACBBE5E155E381500FF4CC5 /* Build configuration list for PBXProject "SaveIt" */;
			compatibilityVersion = "Xcode 3.2";
			developmentRegion = English;
			hasScannedForEncodings = 0;
			knownRegions = (
				en,
			);
			mainGroup = FACBBE59155E381500FF4CC5;
			productRefGroup = FACBBE65155E381500FF4CC5 /* Products */;
			projectDirPath = "";
			projectRoot = "";
			targets = (
				FACBBE63155E381500FF4CC5 /* SaveIt */,
			);
		};
/* End PBXProject section */

/* Begin PBXResourcesBuildPhase section */
		FACBBE62155E381500FF4CC5 /* Resources */ = {
			isa = PBXResourcesBuildPhase;
			buildActionMask = 2147483647;
			files = (
				FACBBE73155E381600FF4CC5 /* InfoPlist.strings in Resources */,
				FACBBE7F155E381600FF4CC5 /* DVViewController.xib in Resources */,
				FA969217155F8212001A0085 /* saveit.db in Resources */,
				98A8E49E157573AA003FCCBA /* DVCategoryListViewController.xib in Resources */,
				98A8E4A415757433003FCCBA /* DVCardsViewController.xib in Resources */,
				FAA1AE4115769F71006CB1C2 /* icons in Resources */,
				FAA1AE451576A245006CB1C2 /* no_cat_image.png in Resources */,
			);
			runOnlyForDeploymentPostprocessing = 0;
		};
/* End PBXResourcesBuildPhase section */

/* Begin PBXSourcesBuildPhase section */
		FACBBE60155E381500FF4CC5 /* Sources */ = {
			isa = PBXSourcesBuildPhase;
			buildActionMask = 2147483647;
			files = (
				FACBBE75155E381600FF4CC5 /* main.m in Sources */,
				FACBBE79155E381600FF4CC5 /* DVAppDelegate.m in Sources */,
				FACBBE7C155E381600FF4CC5 /* DVViewController.m in Sources */,
				FA96920E155F3FDE001A0085 /* DVCategory.m in Sources */,
				FA969213155F46D8001A0085 /* DVCategoryManager.m in Sources */,
				FA96921C155F8453001A0085 /* DVHelper.m in Sources */,
				FAB085DA1564D2C800A4A419 /* DVUtilities.m in Sources */,
				FA7D48441568C2DA00B00ECC /* DVCard.m in Sources */,
				983C68E6156AB6D3005F2194 /* DVCardManager.m in Sources */,
				98A8E49D157573AA003FCCBA /* DVCategoryListViewController.m in Sources */,
				98A8E4A315757433003FCCBA /* DVCardsViewController.m in Sources */,
				98A8E4A8157589FA003FCCBA /* UIImage+Loader.m in Sources */,
				FAA1AE5E1576A504006CB1C2 /* DTGridView.m in Sources */,
				FAA1AE5F1576A504006CB1C2 /* DTGridViewCell.m in Sources */,
			);
			runOnlyForDeploymentPostprocessing = 0;
		};
/* End PBXSourcesBuildPhase section */

/* Begin PBXVariantGroup section */
		FACBBE71155E381600FF4CC5 /* InfoPlist.strings */ = {
			isa = PBXVariantGroup;
			children = (
				FACBBE72155E381600FF4CC5 /* en */,
			);
			name = InfoPlist.strings;
			sourceTree = "<group>";
		};
		FACBBE7D155E381600FF4CC5 /* DVViewController.xib */ = {
			isa = PBXVariantGroup;
			children = (
				FACBBE7E155E381600FF4CC5 /* en */,
			);
			name = DVViewController.xib;
			sourceTree = "<group>";
		};
/* End PBXVariantGroup section */

/* Begin XCBuildConfiguration section */
		FACBBE80155E381600FF4CC5 /* Debug */ = {
			isa = XCBuildConfiguration;
			buildSettings = {
				ALWAYS_SEARCH_USER_PATHS = YES;
				ARCHS = "$(ARCHS_STANDARD_32_BIT)";
				CLANG_ENABLE_OBJC_ARC = YES;
				"CODE_SIGN_IDENTITY[sdk=iphoneos*]" = "iPhone Developer";
				COPY_PHASE_STRIP = NO;
				GCC_C_LANGUAGE_STANDARD = gnu99;
				GCC_DYNAMIC_NO_PIC = NO;
				GCC_OPTIMIZATION_LEVEL = 0;
				GCC_PREPROCESSOR_DEFINITIONS = (
					"DEBUG=1",
					"$(inherited)",
				);
				GCC_SYMBOLS_PRIVATE_EXTERN = NO;
				GCC_VERSION = com.apple.compilers.llvm.clang.1_0;
				GCC_WARN_ABOUT_RETURN_TYPE = YES;
				GCC_WARN_UNINITIALIZED_AUTOS = YES;
				GCC_WARN_UNUSED_VARIABLE = YES;
				HEADER_SEARCH_PATHS = "";
				IPHONEOS_DEPLOYMENT_TARGET = 5.1;
				SDKROOT = iphoneos;
				USER_HEADER_SEARCH_PATHS = "$SRCROOT/../ccgus-fmdb-46614e2/**";
			};
			name = Debug;
		};
		FACBBE81155E381600FF4CC5 /* Release */ = {
			isa = XCBuildConfiguration;
			buildSettings = {
				ALWAYS_SEARCH_USER_PATHS = YES;
				ARCHS = "$(ARCHS_STANDARD_32_BIT)";
				CLANG_ENABLE_OBJC_ARC = YES;
				"CODE_SIGN_IDENTITY[sdk=iphoneos*]" = "iPhone Developer";
				COPY_PHASE_STRIP = YES;
				GCC_C_LANGUAGE_STANDARD = gnu99;
				GCC_VERSION = com.apple.compilers.llvm.clang.1_0;
				GCC_WARN_ABOUT_RETURN_TYPE = YES;
				GCC_WARN_UNINITIALIZED_AUTOS = YES;
				GCC_WARN_UNUSED_VARIABLE = YES;
				HEADER_SEARCH_PATHS = "";
				IPHONEOS_DEPLOYMENT_TARGET = 5.1;
				OTHER_CFLAGS = "-DNS_BLOCK_ASSERTIONS=1";
				SDKROOT = iphoneos;
				USER_HEADER_SEARCH_PATHS = "$SRCROOT/../ccgus-fmdb-46614e2/**";
				VALIDATE_PRODUCT = YES;
			};
			name = Release;
		};
		FACBBE83155E381600FF4CC5 /* Debug */ = {
			isa = XCBuildConfiguration;
			buildSettings = {
				GCC_PRECOMPILE_PREFIX_HEADER = YES;
				GCC_PREFIX_HEADER = "SaveIt/SaveIt-Prefix.pch";
				HEADER_SEARCH_PATHS = "";
				INFOPLIST_FILE = "SaveIt/SaveIt-Info.plist";
				PRODUCT_NAME = "$(TARGET_NAME)";
				USER_HEADER_SEARCH_PATHS = "$SRCROOT/../ccgus-fmdb-46614e2/**";
				WRAPPER_EXTENSION = app;
			};
			name = Debug;
		};
		FACBBE84155E381600FF4CC5 /* Release */ = {
			isa = XCBuildConfiguration;
			buildSettings = {
				GCC_PRECOMPILE_PREFIX_HEADER = YES;
				GCC_PREFIX_HEADER = "SaveIt/SaveIt-Prefix.pch";
				HEADER_SEARCH_PATHS = "";
				INFOPLIST_FILE = "SaveIt/SaveIt-Info.plist";
				PRODUCT_NAME = "$(TARGET_NAME)";
				USER_HEADER_SEARCH_PATHS = "$SRCROOT/../ccgus-fmdb-46614e2/**";
				WRAPPER_EXTENSION = app;
			};
			name = Release;
		};
/* End XCBuildConfiguration section */

/* Begin XCConfigurationList section */
		FACBBE5E155E381500FF4CC5 /* Build configuration list for PBXProject "SaveIt" */ = {
			isa = XCConfigurationList;
			buildConfigurations = (
				FACBBE80155E381600FF4CC5 /* Debug */,
				FACBBE81155E381600FF4CC5 /* Release */,
			);
			defaultConfigurationIsVisible = 0;
			defaultConfigurationName = Release;
		};
		FACBBE82155E381600FF4CC5 /* Build configuration list for PBXNativeTarget "SaveIt" */ = {
			isa = XCConfigurationList;
			buildConfigurations = (
				FACBBE83155E381600FF4CC5 /* Debug */,
				FACBBE84155E381600FF4CC5 /* Release */,
			);
			defaultConfigurationIsVisible = 0;
			defaultConfigurationName = Release;
		};
/* End XCConfigurationList section */
	};
	rootObject = FACBBE5B155E381500FF4CC5 /* Project object */;
}
